
Microsoft Visual Studio Solution File, Format Version 12.00
# Visual Studio 15
VisualStudioVersion = 15.0.28010.2019
MinimumVisualStudioVersion = 10.0.40219.1
Project("{FAE04EC0-301F-11D3-BF4B-00C04F79EFBC}") = "200395854A2", "200395854A2\200395854A2.csproj", "{C40DC4C9-35F1-44D7-8785-C822D3301DC3}"
EndProject
Global
	GlobalSection(SolutionConfigurationPlatforms) = preSolution
		Debug|Any CPU = Debug|Any CPU
		Release|Any CPU = Release|Any CPU
	EndGlobalSection
	GlobalSection(ProjectConfigurationPlatforms) = postSolution
		{C40DC4C9-35F1-44D7-8785-C822D3301DC3}.Debug|Any CPU.ActiveCfg = Debug|Any CPU
		{C40DC4C9-35F1-44D7-8785-C822D3301DC3}.Debug|Any CPU.Build.0 = Debug|Any CPU
		{C40DC4C9-35F1-44D7-8785-C822D3301DC3}.Release|Any CPU.ActiveCfg = Release|Any CPU
		{C40DC4C9-35F1-44D7-8785-C822D3301DC3}.Release|Any CPU.Build.0 = Release|Any CPU
	EndGlobalSection
	GlobalSection(SolutionProperties) = preSolution
		HideSolutionNode = FALSE
	EndGlobalSection
	GlobalSection(ExtensibilityGlobals) = postSolution
		SolutionGuid = {BAA769C1-C079-4BB8-92AF-5014E55FEA53}
	EndGlobalSection
EndGlobal
